{
  "version": 4,
  "terraform_version": "1.1.0",
  "serial": 35,
  "lineage": "d53081be-64a0-4f61-c401-eaba6a6a1977",
  "outputs": {},
  "resources": [
    {
      "mode": "managed",
      "type": "google_project_iam_custom_role",
      "name": "pubsub_secrets",
      "provider": "provider[\"registry.terraform.io/hashicorp/google\"]",
      "instances": [
        {
          "schema_version": 0,
          "attributes": {
            "deleted": false,
            "description": "",
            "id": "projects/pubsub-335122/roles/pubsubSecretsRole",
            "name": "projects/pubsub-335122/roles/pubsubSecretsRole",
            "permissions": [
              "resourcemanager.projects.get"
            ],
            "project": "pubsub-335122",
            "role_id": "pubsubSecretsRole",
            "stage": "GA",
            "title": "PubSubSecretsRole"
          },
          "sensitive_attributes": [],
          "private": "bnVsbA=="
        }
      ]
    },
    {
      "mode": "managed",
      "type": "google_pubsub_schema",
      "name": "pubsub",
      "provider": "provider[\"registry.terraform.io/hashicorp/google\"]",
      "instances": [
        {
          "schema_version": 0,
          "attributes": {
            "definition": "{\n  \"type\": \"record\",\n  \"namespace\": \"messages\",\n  \"name\": \"Mesage\",\n  \"fields\": [\n    {\n      \"name\": \"message\",\n      \"type\": \"string\"\n    }\n  ]\n}\n",
            "id": "projects/pubsub-335122/schemas/pubsub",
            "name": "pubsub",
            "project": "pubsub-335122",
            "timeouts": null,
            "type": "AVRO"
          },
          "sensitive_attributes": [],
          "private": "eyJlMmJmYjczMC1lY2FhLTExZTYtOGY4OC0zNDM2M2JjN2M0YzAiOnsiY3JlYXRlIjoyNDAwMDAwMDAwMDAsImRlbGV0ZSI6MzYwMDAwMDAwMDAwLCJ1cGRhdGUiOjI0MDAwMDAwMDAwMH19"
        }
      ]
    },
    {
      "mode": "managed",
      "type": "google_pubsub_subscription",
      "name": "pubsub",
      "provider": "provider[\"registry.terraform.io/hashicorp/google\"]",
      "instances": [
        {
          "schema_version": 0,
          "attributes": {
            "ack_deadline_seconds": 20,
            "dead_letter_policy": [],
            "enable_message_ordering": true,
            "expiration_policy": [
              {
                "ttl": "86400.500s"
              }
            ],
            "filter": "",
            "id": "projects/pubsub-335122/subscriptions/pubsub",
            "labels": {},
            "message_retention_duration": "86400s",
            "name": "pubsub",
            "project": "pubsub-335122",
            "push_config": [],
            "retain_acked_messages": true,
            "retry_policy": [
              {
                "maximum_backoff": "25s",
                "minimum_backoff": "10s"
              }
            ],
            "timeouts": null,
            "topic": "projects/pubsub-335122/topics/pubsub"
          },
          "sensitive_attributes": [],
          "private": "eyJlMmJmYjczMC1lY2FhLTExZTYtOGY4OC0zNDM2M2JjN2M0YzAiOnsiY3JlYXRlIjozNjAwMDAwMDAwMDAsImRlbGV0ZSI6MjQwMDAwMDAwMDAwLCJ1cGRhdGUiOjM2MDAwMDAwMDAwMH19",
          "dependencies": [
            "google_pubsub_schema.pubsub",
            "google_pubsub_topic.pubsub"
          ]
        }
      ]
    },
    {
      "mode": "managed",
      "type": "google_pubsub_topic",
      "name": "pubsub",
      "provider": "provider[\"registry.terraform.io/hashicorp/google\"]",
      "instances": [
        {
          "schema_version": 0,
          "attributes": {
            "id": "projects/pubsub-335122/topics/pubsub",
            "kms_key_name": "",
            "labels": {},
            "message_retention_duration": "",
            "message_storage_policy": [],
            "name": "pubsub",
            "project": "pubsub-335122",
            "schema_settings": [
              {
                "encoding": "JSON",
                "schema": "projects/pubsub-335122/schemas/pubsub"
              }
            ],
            "timeouts": null
          },
          "sensitive_attributes": [],
          "private": "eyJlMmJmYjczMC1lY2FhLTExZTYtOGY4OC0zNDM2M2JjN2M0YzAiOnsiY3JlYXRlIjozNjAwMDAwMDAwMDAsImRlbGV0ZSI6MjQwMDAwMDAwMDAwLCJ1cGRhdGUiOjM2MDAwMDAwMDAwMH19",
          "dependencies": [
            "google_pubsub_schema.pubsub"
          ]
        }
      ]
    },
    {
      "mode": "managed",
      "type": "google_secret_manager_secret",
      "name": "pubsub",
      "provider": "provider[\"registry.terraform.io/hashicorp/google\"]",
      "instances": [
        {
          "schema_version": 0,
          "attributes": {
            "create_time": "2021-12-14T22:13:38.010410Z",
            "expire_time": "",
            "id": "projects/pubsub-335122/secrets/pubsub",
            "labels": {},
            "name": "projects/816332205797/secrets/pubsub",
            "project": "pubsub-335122",
            "replication": [
              {
                "automatic": false,
                "user_managed": [
                  {
                    "replicas": [
                      {
                        "customer_managed_encryption": [],
                        "location": "us-central1"
                      },
                      {
                        "customer_managed_encryption": [],
                        "location": "us-east1"
                      }
                    ]
                  }
                ]
              }
            ],
            "rotation": [],
            "secret_id": "pubsub",
            "timeouts": null,
            "topics": [],
            "ttl": null
          },
          "sensitive_attributes": [],
          "private": "eyJlMmJmYjczMC1lY2FhLTExZTYtOGY4OC0zNDM2M2JjN2M0YzAiOnsiY3JlYXRlIjoyNDAwMDAwMDAwMDAsImRlbGV0ZSI6MjQwMDAwMDAwMDAwLCJ1cGRhdGUiOjI0MDAwMDAwMDAwMH19"
        }
      ]
    },
    {
      "mode": "managed",
      "type": "google_secret_manager_secret_iam_binding",
      "name": "binding",
      "provider": "provider[\"registry.terraform.io/hashicorp/google\"]",
      "instances": [
        {
          "schema_version": 0,
          "attributes": {
            "condition": [],
            "etag": "BwXTIodAC0Y=",
            "id": "projects/pubsub-335122/secrets/pubsub/projects/pubsub-335122/roles/pubsubSecretsRole",
            "members": [
              "serviceAccount:pubsub@pubsub-335122.iam.gserviceaccount.com"
            ],
            "project": "pubsub-335122",
            "role": "projects/pubsub-335122/roles/pubsubSecretsRole",
            "secret_id": "projects/pubsub-335122/secrets/pubsub"
          },
          "sensitive_attributes": [],
          "private": "bnVsbA==",
          "dependencies": [
            "google_project_iam_custom_role.pubsub_secrets",
            "google_secret_manager_secret.pubsub",
            "google_service_account.pubsub"
          ]
        }
      ]
    },
    {
      "mode": "managed",
      "type": "google_service_account",
      "name": "pubsub",
      "provider": "provider[\"registry.terraform.io/hashicorp/google\"]",
      "instances": [
        {
          "schema_version": 0,
          "attributes": {
            "account_id": "pubsub",
            "description": "",
            "disabled": false,
            "display_name": "PubSub",
            "email": "pubsub@pubsub-335122.iam.gserviceaccount.com",
            "id": "projects/pubsub-335122/serviceAccounts/pubsub@pubsub-335122.iam.gserviceaccount.com",
            "name": "projects/pubsub-335122/serviceAccounts/pubsub@pubsub-335122.iam.gserviceaccount.com",
            "project": "pubsub-335122",
            "timeouts": null,
            "unique_id": "104751543871715048893"
          },
          "sensitive_attributes": [],
          "private": "eyJlMmJmYjczMC1lY2FhLTExZTYtOGY4OC0zNDM2M2JjN2M0YzAiOnsiY3JlYXRlIjozMDAwMDAwMDAwMDB9fQ=="
        }
      ]
    }
  ]
}
